// !$*UTF8*$!
{
	archiveVersion = 1;
	classes = {
	};
	objectVersion = 77;
	objects = {

/* Begin PBXContainerItemProxy section */
		04201FE82CC9A8AE00CFEF68 /* PBXContainerItemProxy */ = {
			isa = PBXContainerItemProxy;
			containerPortal = 04201FC92CC9A8AD00CFEF68 /* Project object */;
			proxyType = 1;
			remoteGlobalIDString = 04201FD02CC9A8AD00CFEF68;
			remoteInfo = "Mainstage Warehouse";
		};
		04201FF22CC9A8AE00CFEF68 /* PBXContainerItemProxy */ = {
			isa = PBXContainerItemProxy;
			containerPortal = 04201FC92CC9A8AD00CFEF68 /* Project object */;
			proxyType = 1;
			remoteGlobalIDString = 04201FD02CC9A8AD00CFEF68;
			remoteInfo = "Mainstage Warehouse";
		};
/* End PBXContainerItemProxy section */

/* Begin PBXFileReference section */
		04201FD12CC9A8AD00CFEF68 /* Mainstage Warehouse.app */ = {isa = PBXFileReference; explicitFileType = wrapper.application; includeInIndex = 0; path = "Mainstage Warehouse.app"; sourceTree = BUILT_PRODUCTS_DIR; };
		04201FE72CC9A8AE00CFEF68 /* Mainstage WarehouseTests.xctest */ = {isa = PBXFileReference; explicitFileType = wrapper.cfbundle; includeInIndex = 0; path = "Mainstage WarehouseTests.xctest"; sourceTree = BUILT_PRODUCTS_DIR; };
		04201FF12CC9A8AE00CFEF68 /* Mainstage WarehouseUITests.xctest */ = {isa = PBXFileReference; explicitFileType = wrapper.cfbundle; includeInIndex = 0; path = "Mainstage WarehouseUITests.xctest"; sourceTree = BUILT_PRODUCTS_DIR; };
/* End PBXFileReference section */

/* Begin PBXFileSystemSynchronizedBuildFileExceptionSet section */
		04201FF92CC9A8AE00CFEF68 /* Exceptions for "Mainstage Warehouse" folder in "Mainstage Warehouse" target */ = {
			isa = PBXFileSystemSynchronizedBuildFileExceptionSet;
			membershipExceptions = (
				Info.plist,
			);
			target = 04201FD02CC9A8AD00CFEF68 /* Mainstage Warehouse */;
		};
/* End PBXFileSystemSynchronizedBuildFileExceptionSet section */

/* Begin PBXFileSystemSynchronizedRootGroup section */
		04201FD32CC9A8AD00CFEF68 /* Mainstage Warehouse */ = {
			isa = PBXFileSystemSynchronizedRootGroup;
			exceptions = (
				04201FF92CC9A8AE00CFEF68 /* Exceptions for "Mainstage Warehouse" folder in "Mainstage Warehouse" target */,
			);
			path = "Mainstage Warehouse";
			sourceTree = "<group>";
		};
		04201FEA2CC9A8AE00CFEF68 /* Mainstage WarehouseTests */ = {
			isa = PBXFileSystemSynchronizedRootGroup;
			path = "Mainstage WarehouseTests";
			sourceTree = "<group>";
		};
		04201FF42CC9A8AE00CFEF68 /* Mainstage WarehouseUITests */ = {
			isa = PBXFileSystemSynchronizedRootGroup;
			path = "Mainstage WarehouseUITests";
			sourceTree = "<group>";
		};
/* End PBXFileSystemSynchronizedRootGroup section */

/* Begin PBXFrameworksBuildPhase section */
		04201FCE2CC9A8AD00CFEF68 /* Frameworks */ = {
			isa = PBXFrameworksBuildPhase;
			buildActionMask = 2147483647;
			files = (
			);
			runOnlyForDeploymentPostprocessing = 0;
		};
		04201FE42CC9A8AE00CFEF68 /* Frameworks */ = {
			isa = PBXFrameworksBuildPhase;
			buildActionMask = 2147483647;
			files = (
			);
			runOnlyForDeploymentPostprocessing = 0;
		};
		04201FEE2CC9A8AE00CFEF68 /* Frameworks */ = {
			isa = PBXFrameworksBuildPhase;
			buildActionMask = 2147483647;
			files = (
			);
			runOnlyForDeploymentPostprocessing = 0;
		};
/* End PBXFrameworksBuildPhase section */

/* Begin PBXGroup section */
		04201FC82CC9A8AD00CFEF68 = {
			isa = PBXGroup;
			children = (
				04201FD32CC9A8AD00CFEF68 /* Mainstage Warehouse */,
				04201FEA2CC9A8AE00CFEF68 /* Mainstage WarehouseTests */,
				04201FF42CC9A8AE00CFEF68 /* Mainstage WarehouseUITests */,
				04201FD22CC9A8AD00CFEF68 /* Products */,
			);
			sourceTree = "<group>";
		};
		04201FD22CC9A8AD00CFEF68 /* Products */ = {
			isa = PBXGroup;
			children = (
				04201FD12CC9A8AD00CFEF68 /* Mainstage Warehouse.app */,
				04201FE72CC9A8AE00CFEF68 /* Mainstage WarehouseTests.xctest */,
				04201FF12CC9A8AE00CFEF68 /* Mainstage WarehouseUITests.xctest */,
			);
			name = Products;
			sourceTree = "<group>";
		};
/* End PBXGroup section */

/* Begin PBXNativeTarget section */
		04201FD02CC9A8AD00CFEF68 /* Mainstage Warehouse */ = {
			isa = PBXNativeTarget;
			buildConfigurationList = 04201FFA2CC9A8AE00CFEF68 /* Build configuration list for PBXNativeTarget "Mainstage Warehouse" */;
			buildPhases = (
				04201FCD2CC9A8AD00CFEF68 /* Sources */,
				04201FCE2CC9A8AD00CFEF68 /* Frameworks */,
				04201FCF2CC9A8AD00CFEF68 /* Resources */,
			);
			buildRules = (
			);
			dependencies = (
			);
			fileSystemSynchronizedGroups = (
				04201FD32CC9A8AD00CFEF68 /* Mainstage Warehouse */,
			);
			name = "Mainstage Warehouse";
			packageProductDependencies = (
			);
			productName = "Mainstage Warehouse";
			productReference = 04201FD12CC9A8AD00CFEF68 /* Mainstage Warehouse.app */;
			productType = "com.apple.product-type.application";
		};
		04201FE62CC9A8AE00CFEF68 /* Mainstage WarehouseTests */ = {
			isa = PBXNativeTarget;
			buildConfigurationList = 04201FFF2CC9A8AE00CFEF68 /* Build configuration list for PBXNativeTarget "Mainstage WarehouseTests" */;
			buildPhases = (
				04201FE32CC9A8AE00CFEF68 /* Sources */,
				04201FE42CC9A8AE00CFEF68 /* Frameworks */,
				04201FE52CC9A8AE00CFEF68 /* Resources */,
			);
			buildRules = (
			);
			dependencies = (
				04201FE92CC9A8AE00CFEF68 /* PBXTargetDependency */,
			);
			fileSystemSynchronizedGroups = (
				04201FEA2CC9A8AE00CFEF68 /* Mainstage WarehouseTests */,
			);
			name = "Mainstage WarehouseTests";
			packageProductDependencies = (
			);
			productName = "Mainstage WarehouseTests";
			productReference = 04201FE72CC9A8AE00CFEF68 /* Mainstage WarehouseTests.xctest */;
			productType = "com.apple.product-type.bundle.unit-test";
		};
		04201FF02CC9A8AE00CFEF68 /* Mainstage WarehouseUITests */ = {
			isa = PBXNativeTarget;
			buildConfigurationList = 042020022CC9A8AE00CFEF68 /* Build configuration list for PBXNativeTarget "Mainstage WarehouseUITests" */;
			buildPhases = (
				04201FED2CC9A8AE00CFEF68 /* Sources */,
				04201FEE2CC9A8AE00CFEF68 /* Frameworks */,
				04201FEF2CC9A8AE00CFEF68 /* Resources */,
			);
			buildRules = (
			);
			dependencies = (
				04201FF32CC9A8AE00CFEF68 /* PBXTargetDependency */,
			);
			fileSystemSynchronizedGroups = (
				04201FF42CC9A8AE00CFEF68 /* Mainstage WarehouseUITests */,
			);
			name = "Mainstage WarehouseUITests";
			packageProductDependencies = (
			);
			productName = "Mainstage WarehouseUITests";
			productReference = 04201FF12CC9A8AE00CFEF68 /* Mainstage WarehouseUITests.xctest */;
			productType = "com.apple.product-type.bundle.ui-testing";
		};
/* End PBXNativeTarget section */

/* Begin PBXProject section */
		04201FC92CC9A8AD00CFEF68 /* Project object */ = {
			isa = PBXProject;
			attributes = {
				BuildIndependentTargetsInParallel = 1;
				LastSwiftUpdateCheck = 1600;
				LastUpgradeCheck = 1630;
				TargetAttributes = {
					04201FD02CC9A8AD00CFEF68 = {
						CreatedOnToolsVersion = 16.0;
					};
					04201FE62CC9A8AE00CFEF68 = {
						CreatedOnToolsVersion = 16.0;
						TestTargetID = 04201FD02CC9A8AD00CFEF68;
					};
					04201FF02CC9A8AE00CFEF68 = {
						CreatedOnToolsVersion = 16.0;
						TestTargetID = 04201FD02CC9A8AD00CFEF68;
					};
				};
			};
			buildConfigurationList = 04201FCC2CC9A8AD00CFEF68 /* Build configuration list for PBXProject "Mainstage Warehouse" */;
			developmentRegion = en;
			hasScannedForEncodings = 0;
			knownRegions = (
				en,
				Base,
			);
			mainGroup = 04201FC82CC9A8AD00CFEF68;
			minimizedProjectReferenceProxies = 1;
			packageReferences = (
				043870062CCFD42600037C31 /* XCRemoteSwiftPackageReference "firebase-ios-sdk" */,
			);
			preferredProjectObjectVersion = 77;
			productRefGroup = 04201FD22CC9A8AD00CFEF68 /* Products */;
			projectDirPath = "";
			projectRoot = "";
			targets = (
				04201FD02CC9A8AD00CFEF68 /* Mainstage Warehouse */,
				04201FE62CC9A8AE00CFEF68 /* Mainstage WarehouseTests */,
				04201FF02CC9A8AE00CFEF68 /* Mainstage WarehouseUITests */,
			);
		};
/* End PBXProject section */

/* Begin PBXResourcesBuildPhase section */
		04201FCF2CC9A8AD00CFEF68 /* Resources */ = {
			isa = PBXResourcesBuildPhase;
			buildActionMask = 2147483647;
			files = (
			);
			runOnlyForDeploymentPostprocessing = 0;
		};
		04201FE52CC9A8AE00CFEF68 /* Resources */ = {
			isa = PBXResourcesBuildPhase;
			buildActionMask = 2147483647;
			files = (
			);
			runOnlyForDeploymentPostprocessing = 0;
		};
		04201FEF2CC9A8AE00CFEF68 /* Resources */ = {
			isa = PBXResourcesBuildPhase;
			buildActionMask = 2147483647;
			files = (
			);
			runOnlyForDeploymentPostprocessing = 0;
		};
/* End PBXResourcesBuildPhase section */

/* Begin PBXSourcesBuildPhase section */
		04201FCD2CC9A8AD00CFEF68 /* Sources */ = {
			isa = PBXSourcesBuildPhase;
			buildActionMask = 2147483647;
			files = (
			);
			runOnlyForDeploymentPostprocessing = 0;
		};
		04201FE32CC9A8AE00CFEF68 /* Sources */ = {
			isa = PBXSourcesBuildPhase;
			buildActionMask = 2147483647;
			files = (
			);
			runOnlyForDeploymentPostprocessing = 0;
		};
		04201FED2CC9A8AE00CFEF68 /* Sources */ = {
			isa = PBXSourcesBuildPhase;
			buildActionMask = 2147483647;
			files = (
			);
			runOnlyForDeploymentPostprocessing = 0;
		};
/* End PBXSourcesBuildPhase section */

/* Begin PBXTargetDependency section */
		04201FE92CC9A8AE00CFEF68 /* PBXTargetDependency */ = {
			isa = PBXTargetDependency;
			target = 04201FD02CC9A8AD00CFEF68 /* Mainstage Warehouse */;
			targetProxy = 04201FE82CC9A8AE00CFEF68 /* PBXContainerItemProxy */;
		};
		04201FF32CC9A8AE00CFEF68 /* PBXTargetDependency */ = {
			isa = PBXTargetDependency;
			target = 04201FD02CC9A8AD00CFEF68 /* Mainstage Warehouse */;
			targetProxy = 04201FF22CC9A8AE00CFEF68 /* PBXContainerItemProxy */;
		};
/* End PBXTargetDependency section */

/* Begin XCBuildConfiguration section */
		04201FFB2CC9A8AE00CFEF68 /* Debug */ = {
			isa = XCBuildConfiguration;
			buildSettings = {
				ASSETCATALOG_COMPILER_APPICON_NAME = AppIcon;
				ASSETCATALOG_COMPILER_GLOBAL_ACCENT_COLOR_NAME = AccentColor;
				CODE_SIGN_STYLE = Automatic;
				CURRENT_PROJECT_VERSION = 1;
				GENERATE_INFOPLIST_FILE = YES;
				INFOPLIST_FILE = "Mainstage Warehouse/Info.plist";
				INFOPLIST_KEY_UIApplicationSupportsIndirectInputEvents = YES;
				INFOPLIST_KEY_UILaunchStoryboardName = LaunchScreen;
				INFOPLIST_KEY_UIMainStoryboardFile = Main;
				INFOPLIST_KEY_UIRequiresFullScreen = YES;
				INFOPLIST_KEY_UIStatusBarHidden = YES;
				INFOPLIST_KEY_UISupportedInterfaceOrientations = UIInterfaceOrientationPortrait;
				IPHONEOS_DEPLOYMENT_TARGET = 17.6;
				LD_RUNPATH_SEARCH_PATHS = (
					"$(inherited)",
					"@executable_path/Frameworks",
				);
				MARKETING_VERSION = 1.0;
				PRODUCT_BUNDLE_IDENTIFIER = "Sweepish-inc.";
				PRODUCT_NAME = "$(TARGET_NAME)";
				SWIFT_EMIT_LOC_STRINGS = YES;
				SWIFT_VERSION = 5.0;
				TARGETED_DEVICE_FAMILY = "1,2";
			};
			name = Debug;
		};
		04201FFC2CC9A8AE00CFEF68 /* Release */ = {
			isa = XCBuildConfiguration;
			buildSettings = {
				ASSETCATALOG_COMPILER_APPICON_NAME = AppIcon;
				ASSETCATALOG_COMPILER_GLOBAL_ACCENT_COLOR_NAME = AccentColor;
				CODE_SIGN_STYLE = Automatic;
				CURRENT_PROJECT_VERSION = 1;
				GENERATE_INFOPLIST_FILE = YES;
				INFOPLIST_FILE = "Mainstage Warehouse/Info.plist";
				INFOPLIST_KEY_UIApplicationSupportsIndirectInputEvents = YES;
				INFOPLIST_KEY_UILaunchStoryboardName = LaunchScreen;
				INFOPLIST_KEY_UIMainStoryboardFile = Main;
				INFOPLIST_KEY_UIRequiresFullScreen = YES;
				INFOPLIST_KEY_UIStatusBarHidden = YES;
				INFOPLIST_KEY_UISupportedInterfaceOrientations = UIInterfaceOrientationPortrait;
				IPHONEOS_DEPLOYMENT_TARGET = 17.6;
				LD_RUNPATH_SEARCH_PATHS = (
					"$(inherited)",
					"@executable_path/Frameworks",
				);
				MARKETING_VERSION = 1.0;
				PRODUCT_BUNDLE_IDENTIFIER = "Sweepish-inc.";
				PRODUCT_NAME = "$(TARGET_NAME)";
				SWIFT_EMIT_LOC_STRINGS = YES;
				SWIFT_VERSION = 5.0;
				TARGETED_DEVICE_FAMILY = "1,2";
			};
			name = Release;
		};
		04201FFD2CC9A8AE00CFEF68 /* Debug */ = {
			isa = XCBuildConfiguration;
			buildSettings = {
				ALWAYS_SEARCH_USER_PATHS = NO;
				ASSETCATALOG_COMPILER_GENERATE_SWIFT_ASSET_SYMBOL_EXTENSIONS = YES;
				CLANG_ANALYZER_NONNULL = YES;
				CLANG_ANALYZER_NUMBER_OBJECT_CONVERSION = YES_AGGRESSIVE;
				CLANG_CXX_LANGUAGE_STANDARD = "gnu++20";
				CLANG_ENABLE_MODULES = YES;
				CLANG_ENABLE_OBJC_ARC = YES;
				CLANG_ENABLE_OBJC_WEAK = YES;
				CLANG_WARN_BLOCK_CAPTURE_AUTORELEASING = YES;
				CLANG_WARN_BOOL_CONVERSION = YES;
				CLANG_WARN_COMMA = YES;
				CLANG_WARN_CONSTANT_CONVERSION = YES;
				CLANG_WARN_DEPRECATED_OBJC_IMPLEMENTATIONS = YES;
				CLANG_WARN_DIRECT_OBJC_ISA_USAGE = YES_ERROR;
				CLANG_WARN_DOCUMENTATION_COMMENTS = YES;
				CLANG_WARN_EMPTY_BODY = YES;
				CLANG_WARN_ENUM_CONVERSION = YES;
				CLANG_WARN_INFINITE_RECURSION = YES;
				CLANG_WARN_INT_CONVERSION = YES;
				CLANG_WARN_NON_LITERAL_NULL_CONVERSION = YES;
				CLANG_WARN_OBJC_IMPLICIT_RETAIN_SELF = YES;
				CLANG_WARN_OBJC_LITERAL_CONVERSION = YES;
				CLANG_WARN_OBJC_ROOT_CLASS = YES_ERROR;
				CLANG_WARN_QUOTED_INCLUDE_IN_FRAMEWORK_HEADER = YES;
				CLANG_WARN_RANGE_LOOP_ANALYSIS = YES;
				CLANG_WARN_STRICT_PROTOTYPES = YES;
				CLANG_WARN_SUSPICIOUS_MOVE = YES;
				CLANG_WARN_UNGUARDED_AVAILABILITY = YES_AGGRESSIVE;
				CLANG_WARN_UNREACHABLE_CODE = YES;
				CLANG_WARN__DUPLICATE_METHOD_MATCH = YES;
				COPY_PHASE_STRIP = NO;
				DEBUG_INFORMATION_FORMAT = dwarf;
				DEVELOPMENT_TEAM = 9V86KZMKY5;
				ENABLE_STRICT_OBJC_MSGSEND = YES;
				ENABLE_TESTABILITY = YES;
				ENABLE_USER_SCRIPT_SANDBOXING = YES;
				GCC_C_LANGUAGE_STANDARD = gnu17;
				GCC_DYNAMIC_NO_PIC = NO;
				GCC_NO_COMMON_BLOCKS = YES;
				GCC_OPTIMIZATION_LEVEL = 0;
				GCC_PREPROCESSOR_DEFINITIONS = (
					"DEBUG=1",
					"$(inherited)",
				);
				GCC_WARN_64_TO_32_BIT_CONVERSION = YES;
				GCC_WARN_ABOUT_RETURN_TYPE = YES_ERROR;
				GCC_WARN_UNDECLARED_SELECTOR = YES;
				GCC_WARN_UNINITIALIZED_AUTOS = YES_AGGRESSIVE;
				GCC_WARN_UNUSED_FUNCTION = YES;
				GCC_WARN_UNUSED_VARIABLE = YES;
				IPHONEOS_DEPLOYMENT_TARGET = 18.0;
				LOCALIZATION_PREFERS_STRING_CATALOGS = YES;
				MTL_ENABLE_DEBUG_INFO = INCLUDE_SOURCE;
				MTL_FAST_MATH = YES;
				ONLY_ACTIVE_ARCH = YES;
				SDKROOT = iphoneos;
				SWIFT_ACTIVE_COMPILATION_CONDITIONS = "DEBUG $(inherited)";
				SWIFT_OPTIMIZATION_LEVEL = "-Onone";
			};
			name = Debug;
		};
		04201FFE2CC9A8AE00CFEF68 /* Release */ = {
			isa = XCBuildConfiguration;
			buildSettings = {
				ALWAYS_SEARCH_USER_PATHS = NO;
				ASSETCATALOG_COMPILER_GENERATE_SWIFT_ASSET_SYMBOL_EXTENSIONS = YES;
				CLANG_ANALYZER_NONNULL = YES;
				CLANG_ANALYZER_NUMBER_OBJECT_CONVERSION = YES_AGGRESSIVE;
				CLANG_CXX_LANGUAGE_STANDARD = "gnu++20";
				CLANG_ENABLE_MODULES = YES;
				CLANG_ENABLE_OBJC_ARC = YES;
				CLANG_ENABLE_OBJC_WEAK = YES;
				CLANG_WARN_BLOCK_CAPTURE_AUTORELEASING = YES;
				CLANG_WARN_BOOL_CONVERSION = YES;
				CLANG_WARN_COMMA = YES;
				CLANG_WARN_CONSTANT_CONVERSION = YES;
				CLANG_WARN_DEPRECATED_OBJC_IMPLEMENTATIONS = YES;
				CLANG_WARN_DIRECT_OBJC_ISA_USAGE = YES_ERROR;
				CLANG_WARN_DOCUMENTATION_COMMENTS = YES;
				CLANG_WARN_EMPTY_BODY = YES;
				CLANG_WARN_ENUM_CONVERSION = YES;
				CLANG_WARN_INFINITE_RECURSION = YES;
				CLANG_WARN_INT_CONVERSION = YES;
				CLANG_WARN_NON_LITERAL_NULL_CONVERSION = YES;
				CLANG_WARN_OBJC_IMPLICIT_RETAIN_SELF = YES;
				CLANG_WARN_OBJC_LITERAL_CONVERSION = YES;
				CLANG_WARN_OBJC_ROOT_CLASS = YES_ERROR;
				CLANG_WARN_QUOTED_INCLUDE_IN_FRAMEWORK_HEADER = YES;
				CLANG_WARN_RANGE_LOOP_ANALYSIS = YES;
				CLANG_WARN_STRICT_PROTOTYPES = YES;
				CLANG_WARN_SUSPICIOUS_MOVE = YES;
				CLANG_WARN_UNGUARDED_AVAILABILITY = YES_AGGRESSIVE;
				CLANG_WARN_UNREACHABLE_CODE = YES;
				CLANG_WARN__DUPLICATE_METHOD_MATCH = YES;
				COPY_PHASE_STRIP = NO;
				DEBUG_INFORMATION_FORMAT = "dwarf-with-dsym";
				DEVELOPMENT_TEAM = 9V86KZMKY5;
				ENABLE_NS_ASSERTIONS = NO;
				ENABLE_STRICT_OBJC_MSGSEND = YES;
				ENABLE_USER_SCRIPT_SANDBOXING = YES;
				GCC_C_LANGUAGE_STANDARD = gnu17;
				GCC_NO_COMMON_BLOCKS = YES;
				GCC_WARN_64_TO_32_BIT_CONVERSION = YES;
				GCC_WARN_ABOUT_RETURN_TYPE = YES_ERROR;
				GCC_WARN_UNDECLARED_SELECTOR = YES;
				GCC_WARN_UNINITIALIZED_AUTOS = YES_AGGRESSIVE;
				GCC_WARN_UNUSED_FUNCTION = YES;
				GCC_WARN_UNUSED_VARIABLE = YES;
				IPHONEOS_DEPLOYMENT_TARGET = 18.0;
				LOCALIZATION_PREFERS_STRING_CATALOGS = YES;
				MTL_ENABLE_DEBUG_INFO = NO;
				MTL_FAST_MATH = YES;
				SDKROOT = iphoneos;
				SWIFT_COMPILATION_MODE = wholemodule;
				VALIDATE_PRODUCT = YES;
			};
			name = Release;
		};
		042020002CC9A8AE00CFEF68 /* Debug */ = {
			isa = XCBuildConfiguration;
			buildSettings = {
				BUNDLE_LOADER = "$(TEST_HOST)";
				CODE_SIGN_STYLE = Automatic;
				CURRENT_PROJECT_VERSION = 1;
				GENERATE_INFOPLIST_FILE = YES;
				IPHONEOS_DEPLOYMENT_TARGET = 18.0;
				MARKETING_VERSION = 1.0;
				PRODUCT_BUNDLE_IDENTIFIER = "Sweepish-inc.Mainstage-WarehouseTests";
				PRODUCT_NAME = "$(TARGET_NAME)";
				SWIFT_EMIT_LOC_STRINGS = NO;
				SWIFT_VERSION = 5.0;
				TARGETED_DEVICE_FAMILY = "1,2";
				TEST_HOST = "$(BUILT_PRODUCTS_DIR)/Mainstage Warehouse.app/$(BUNDLE_EXECUTABLE_FOLDER_PATH)/Mainstage Warehouse";
			};
			name = Debug;
		};
		042020012CC9A8AE00CFEF68 /* Release */ = {
			isa = XCBuildConfiguration;
			buildSettings = {
				BUNDLE_LOADER = "$(TEST_HOST)";
				CODE_SIGN_STYLE = Automatic;
				CURRENT_PROJECT_VERSION = 1;
				GENERATE_INFOPLIST_FILE = YES;
				IPHONEOS_DEPLOYMENT_TARGET = 18.0;
				MARKETING_VERSION = 1.0;
				PRODUCT_BUNDLE_IDENTIFIER = "Sweepish-inc.Mainstage-WarehouseTests";
				PRODUCT_NAME = "$(TARGET_NAME)";
				SWIFT_EMIT_LOC_STRINGS = NO;
				SWIFT_VERSION = 5.0;
				TARGETED_DEVICE_FAMILY = "1,2";
				TEST_HOST = "$(BUILT_PRODUCTS_DIR)/Mainstage Warehouse.app/$(BUNDLE_EXECUTABLE_FOLDER_PATH)/Mainstage Warehouse";
			};
			name = Release;
		};
		042020032CC9A8AE00CFEF68 /* Debug */ = {
			isa = XCBuildConfiguration;
			buildSettings = {
				CODE_SIGN_STYLE = Automatic;
				CURRENT_PROJECT_VERSION = 1;
				GENERATE_INFOPLIST_FILE = YES;
				MARKETING_VERSION = 1.0;
				PRODUCT_BUNDLE_IDENTIFIER = "Sweepish-inc.Mainstage-WarehouseUITests";
				PRODUCT_NAME = "$(TARGET_NAME)";
				SWIFT_EMIT_LOC_STRINGS = NO;
				SWIFT_VERSION = 5.0;
				TARGETED_DEVICE_FAMILY = "1,2";
				TEST_TARGET_NAME = "Mainstage Warehouse";
			};
			name = Debug;
		};
		042020042CC9A8AE00CFEF68 /* Release */ = {
			isa = XCBuildConfiguration;
			buildSettings = {
				CODE_SIGN_STYLE = Automatic;
				CURRENT_PROJECT_VERSION = 1;
				GENERATE_INFOPLIST_FILE = YES;
				MARKETING_VERSION = 1.0;
				PRODUCT_BUNDLE_IDENTIFIER = "Sweepish-inc.Mainstage-WarehouseUITests";
				PRODUCT_NAME = "$(TARGET_NAME)";
				SWIFT_EMIT_LOC_STRINGS = NO;
				SWIFT_VERSION = 5.0;
				TARGETED_DEVICE_FAMILY = "1,2";
				TEST_TARGET_NAME = "Mainstage Warehouse";
			};
			name = Release;
		};
/* End XCBuildConfiguration section */

/* Begin XCConfigurationList section */
		04201FCC2CC9A8AD00CFEF68 /* Build configuration list for PBXProject "Mainstage Warehouse" */ = {
			isa = XCConfigurationList;
			buildConfigurations = (
				04201FFD2CC9A8AE00CFEF68 /* Debug */,
				04201FFE2CC9A8AE00CFEF68 /* Release */,
			);
			defaultConfigurationIsVisible = 0;
			defaultConfigurationName = Release;
		};
		04201FFA2CC9A8AE00CFEF68 /* Build configuration list for PBXNativeTarget "Mainstage Warehouse" */ = {
			isa = XCConfigurationList;
			buildConfigurations = (
				04201FFB2CC9A8AE00CFEF68 /* Debug */,
				04201FFC2CC9A8AE00CFEF68 /* Release */,
			);
			defaultConfigurationIsVisible = 0;
			defaultConfigurationName = Release;
		};
		04201FFF2CC9A8AE00CFEF68 /* Build configuration list for PBXNativeTarget "Mainstage WarehouseTests" */ = {
			isa = XCConfigurationList;
			buildConfigurations = (
				042020002CC9A8AE00CFEF68 /* Debug */,
				042020012CC9A8AE00CFEF68 /* Release */,
			);
			defaultConfigurationIsVisible = 0;
			defaultConfigurationName = Release;
		};
		042020022CC9A8AE00CFEF68 /* Build configuration list for PBXNativeTarget "Mainstage WarehouseUITests" */ = {
			isa = XCConfigurationList;
			buildConfigurations = (
				042020032CC9A8AE00CFEF68 /* Debug */,
				042020042CC9A8AE00CFEF68 /* Release */,
			);
			defaultConfigurationIsVisible = 0;
			defaultConfigurationName = Release;
		};
/* End XCConfigurationList section */

/* Begin XCRemoteSwiftPackageReference section */
		043870062CCFD42600037C31 /* XCRemoteSwiftPackageReference "firebase-ios-sdk" */ = {
			isa = XCRemoteSwiftPackageReference;
			repositoryURL = "https://github.com/firebase/firebase-ios-sdk";
			requirement = {
				kind = upToNextMajorVersion;
				minimumVersion = 11.4.0;
			};
		};
/* End XCRemoteSwiftPackageReference section */
	};
	rootObject = 04201FC92CC9A8AD00CFEF68 /* Project object */;
}
